
Microsoft Visual Studio Solution File, Format Version 12.00
# Visual Studio 14
VisualStudioVersion = 14.0.23107.0
MinimumVisualStudioVersion = 10.0.40219.1
Project("{FAE04EC0-301F-11D3-BF4B-00C04F79EFBC}") = "BabySmash.Core", "BabySmash.Core\BabySmash.Core.csproj", "{23FBF4A3-2BCB-4CD2-88A1-BAC636C3912B}"
EndProject
Project("{FAE04EC0-301F-11D3-BF4B-00C04F79EFBC}") = "BabySmash.Windows", "BabySmash.Windows\BabySmash.Windows.csproj", "{B913A21D-F75A-47C6-88C8-BA0863D2C113}"
EndProject
Global
	GlobalSection(SolutionConfigurationPlatforms) = preSolution
		Debug|Any CPU = Debug|Any CPU
		Debug|ARM = Debug|ARM
		Debug|x64 = Debug|x64
		Debug|x86 = Debug|x86
		Release|Any CPU = Release|Any CPU
		Release|ARM = Release|ARM
		Release|x64 = Release|x64
		Release|x86 = Release|x86
	EndGlobalSection
	GlobalSection(ProjectConfigurationPlatforms) = postSolution
		{23FBF4A3-2BCB-4CD2-88A1-BAC636C3912B}.Debug|Any CPU.ActiveCfg = Debug|Any CPU
		{23FBF4A3-2BCB-4CD2-88A1-BAC636C3912B}.Debug|Any CPU.Build.0 = Debug|Any CPU
		{23FBF4A3-2BCB-4CD2-88A1-BAC636C3912B}.Debug|ARM.ActiveCfg = Debug|Any CPU
		{23FBF4A3-2BCB-4CD2-88A1-BAC636C3912B}.Debug|ARM.Build.0 = Debug|Any CPU
		{23FBF4A3-2BCB-4CD2-88A1-BAC636C3912B}.Debug|x64.ActiveCfg = Debug|Any CPU
		{23FBF4A3-2BCB-4CD2-88A1-BAC636C3912B}.Debug|x64.Build.0 = Debug|Any CPU
		{23FBF4A3-2BCB-4CD2-88A1-BAC636C3912B}.Debug|x86.ActiveCfg = Debug|Any CPU
		{23FBF4A3-2BCB-4CD2-88A1-BAC636C3912B}.Debug|x86.Build.0 = Debug|Any CPU
		{23FBF4A3-2BCB-4CD2-88A1-BAC636C3912B}.Release|Any CPU.ActiveCfg = Release|Any CPU
		{23FBF4A3-2BCB-4CD2-88A1-BAC636C3912B}.Release|Any CPU.Build.0 = Release|Any CPU
		{23FBF4A3-2BCB-4CD2-88A1-BAC636C3912B}.Release|ARM.ActiveCfg = Release|Any CPU
		{23FBF4A3-2BCB-4CD2-88A1-BAC636C3912B}.Release|ARM.Build.0 = Release|Any CPU
		{23FBF4A3-2BCB-4CD2-88A1-BAC636C3912B}.Release|x64.ActiveCfg = Release|Any CPU
		{23FBF4A3-2BCB-4CD2-88A1-BAC636C3912B}.Release|x64.Build.0 = Release|Any CPU
		{23FBF4A3-2BCB-4CD2-88A1-BAC636C3912B}.Release|x86.ActiveCfg = Release|Any CPU
		{23FBF4A3-2BCB-4CD2-88A1-BAC636C3912B}.Release|x86.Build.0 = Release|Any CPU
		{B913A21D-F75A-47C6-88C8-BA0863D2C113}.Debug|Any CPU.ActiveCfg = Debug|x86
		{B913A21D-F75A-47C6-88C8-BA0863D2C113}.Debug|Any CPU.Build.0 = Debug|x86
		{B913A21D-F75A-47C6-88C8-BA0863D2C113}.Debug|Any CPU.Deploy.0 = Debug|x86
		{B913A21D-F75A-47C6-88C8-BA0863D2C113}.Debug|ARM.ActiveCfg = Debug|ARM
		{B913A21D-F75A-47C6-88C8-BA0863D2C113}.Debug|ARM.Build.0 = Debug|ARM
		{B913A21D-F75A-47C6-88C8-BA0863D2C113}.Debug|ARM.Deploy.0 = Debug|ARM
		{B913A21D-F75A-47C6-88C8-BA0863D2C113}.Debug|x64.ActiveCfg = Debug|x64
		{B913A21D-F75A-47C6-88C8-BA0863D2C113}.Debug|x64.Build.0 = Debug|x64
		{B913A21D-F75A-47C6-88C8-BA0863D2C113}.Debug|x64.Deploy.0 = Debug|x64
		{B913A21D-F75A-47C6-88C8-BA0863D2C113}.Debug|x86.ActiveCfg = Debug|x86
		{B913A21D-F75A-47C6-88C8-BA0863D2C113}.Debug|x86.Build.0 = Debug|x86
		{B913A21D-F75A-47C6-88C8-BA0863D2C113}.Debug|x86.Deploy.0 = Debug|x86
		{B913A21D-F75A-47C6-88C8-BA0863D2C113}.Release|Any CPU.ActiveCfg = Release|x86
		{B913A21D-F75A-47C6-88C8-BA0863D2C113}.Release|Any CPU.Build.0 = Release|x86
		{B913A21D-F75A-47C6-88C8-BA0863D2C113}.Release|Any CPU.Deploy.0 = Release|x86
		{B913A21D-F75A-47C6-88C8-BA0863D2C113}.Release|ARM.ActiveCfg = Release|ARM
		{B913A21D-F75A-47C6-88C8-BA0863D2C113}.Release|ARM.Build.0 = Release|ARM
		{B913A21D-F75A-47C6-88C8-BA0863D2C113}.Release|ARM.Deploy.0 = Release|ARM
		{B913A21D-F75A-47C6-88C8-BA0863D2C113}.Release|x64.ActiveCfg = Release|x64
		{B913A21D-F75A-47C6-88C8-BA0863D2C113}.Release|x64.Build.0 = Release|x64
		{B913A21D-F75A-47C6-88C8-BA0863D2C113}.Release|x64.Deploy.0 = Release|x64
		{B913A21D-F75A-47C6-88C8-BA0863D2C113}.Release|x86.ActiveCfg = Release|x86
		{B913A21D-F75A-47C6-88C8-BA0863D2C113}.Release|x86.Build.0 = Release|x86
		{B913A21D-F75A-47C6-88C8-BA0863D2C113}.Release|x86.Deploy.0 = Release|x86
	EndGlobalSection
	GlobalSection(SolutionProperties) = preSolution
		HideSolutionNode = FALSE
	EndGlobalSection
EndGlobal
